
Microsoft Visual Studio Solution File, Format Version 12.00
# Visual Studio Version 17
VisualStudioVersion = 17.9.34607.119
MinimumVisualStudioVersion = 10.0.40219.1
Project("{FAE04EC0-301F-11D3-BF4B-00C04F79EFBC}") = "WebApi", "WebApi.csproj", "{CC196D04-ABEF-4BA1-94A0-CF242391B32A}"
EndProject
Global
	GlobalSection(SolutionConfigurationPlatforms) = preSolution
		Debug|Any CPU = Debug|Any CPU
		Release|Any CPU = Release|Any CPU
	EndGlobalSection
	GlobalSection(ProjectConfigurationPlatforms) = postSolution
		{CC196D04-ABEF-4BA1-94A0-CF242391B32A}.Debug|Any CPU.ActiveCfg = Debug|Any CPU
		{CC196D04-ABEF-4BA1-94A0-CF242391B32A}.Debug|Any CPU.Build.0 = Debug|Any CPU
		{CC196D04-ABEF-4BA1-94A0-CF242391B32A}.Release|Any CPU.ActiveCfg = Release|Any CPU
		{CC196D04-ABEF-4BA1-94A0-CF242391B32A}.Release|Any CPU.Build.0 = Release|Any CPU
	EndGlobalSection
	GlobalSection(SolutionProperties) = preSolution
		HideSolutionNode = FALSE
	EndGlobalSection
	GlobalSection(ExtensibilityGlobals) = postSolution
		SolutionGuid = {A2F761D7-835B-47DC-9890-D12F79F46ECF}
	EndGlobalSection
EndGlobal
